// !$*UTF8*$!
{
	archiveVersion = 1;
	classes = {
	};
	objectVersion = 46;
	objects = {

/* Begin PBXBuildFile section */
		D6309A3F1950D96C00E0A87C /* Foundation.framework in Frameworks */ = {isa = PBXBuildFile; fileRef = D6309A3E1950D96C00E0A87C /* Foundation.framework */; };
		D6309A411950D96C00E0A87C /* CoreGraphics.framework in Frameworks */ = {isa = PBXBuildFile; fileRef = D6309A401950D96C00E0A87C /* CoreGraphics.framework */; };
		D6309A431950D96C00E0A87C /* UIKit.framework in Frameworks */ = {isa = PBXBuildFile; fileRef = D6309A421950D96C00E0A87C /* UIKit.framework */; };
		D6309A491950D96C00E0A87C /* InfoPlist.strings in Resources */ = {isa = PBXBuildFile; fileRef = D6309A471950D96C00E0A87C /* InfoPlist.strings */; };
		D6309A4B1950D96C00E0A87C /* main.m in Sources */ = {isa = PBXBuildFile; fileRef = D6309A4A1950D96C00E0A87C /* main.m */; };
		D6309A4F1950D96C00E0A87C /* ALDAppDelegate.m in Sources */ = {isa = PBXBuildFile; fileRef = D6309A4E1950D96C00E0A87C /* ALDAppDelegate.m */; };
		D6309A521950D96C00E0A87C /* Main.storyboard in Resources */ = {isa = PBXBuildFile; fileRef = D6309A501950D96C00E0A87C /* Main.storyboard */; };
		D6309A551950D96C00E0A87C /* ALDViewController.m in Sources */ = {isa = PBXBuildFile; fileRef = D6309A541950D96C00E0A87C /* ALDViewController.m */; };
		D6309A571950D96C00E0A87C /* Images.xcassets in Resources */ = {isa = PBXBuildFile; fileRef = D6309A561950D96C00E0A87C /* Images.xcassets */; };
		D6309A5E1950D96C00E0A87C /* XCTest.framework in Frameworks */ = {isa = PBXBuildFile; fileRef = D6309A5D1950D96C00E0A87C /* XCTest.framework */; };
		D6309A5F1950D96C00E0A87C /* Foundation.framework in Frameworks */ = {isa = PBXBuildFile; fileRef = D6309A3E1950D96C00E0A87C /* Foundation.framework */; };
		D6309A601950D96C00E0A87C /* UIKit.framework in Frameworks */ = {isa = PBXBuildFile; fileRef = D6309A421950D96C00E0A87C /* UIKit.framework */; };
		D6309A681950D96C00E0A87C /* InfoPlist.strings in Resources */ = {isa = PBXBuildFile; fileRef = D6309A661950D96C00E0A87C /* InfoPlist.strings */; };
		D6309A6A1950D96C00E0A87C /* GitUseExampleTests.m in Sources */ = {isa = PBXBuildFile; fileRef = D6309A691950D96C00E0A87C /* GitUseExampleTests.m */; };
/* End PBXBuildFile section */

/* Begin PBXContainerItemProxy section */
		D6309A611950D96C00E0A87C /* PBXContainerItemProxy */ = {
			isa = PBXContainerItemProxy;
			containerPortal = D6309A331950D96C00E0A87C /* Project object */;
			proxyType = 1;
			remoteGlobalIDString = D6309A3A1950D96C00E0A87C;
			remoteInfo = GitUseExample;
		};
/* End PBXContainerItemProxy section */

/* Begin PBXFileReference section */
		D6309A3B1950D96C00E0A87C /* GitUseExample.app */ = {isa = PBXFileReference; explicitFileType = wrapper.application; includeInIndex = 0; path = GitUseExample.app; sourceTree = BUILT_PRODUCTS_DIR; };
		D6309A3E1950D96C00E0A87C /* Foundation.framework */ = {isa = PBXFileReference; lastKnownFileType = wrapper.framework; name = Foundation.framework; path = System/Library/Frameworks/Foundation.framework; sourceTree = SDKROOT; };
		D6309A401950D96C00E0A87C /* CoreGraphics.framework */ = {isa = PBXFileReference; lastKnownFileType = wrapper.framework; name = CoreGraphics.framework; path = System/Library/Frameworks/CoreGraphics.framework; sourceTree = SDKROOT; };
		D6309A421950D96C00E0A87C /* UIKit.framework */ = {isa = PBXFileReference; lastKnownFileType = wrapper.framework; name = UIKit.framework; path = System/Library/Frameworks/UIKit.framework; sourceTree = SDKROOT; };
		D6309A461950D96C00E0A87C /* GitUseExample-Info.plist */ = {isa = PBXFileReference; lastKnownFileType = text.plist.xml; path = "GitUseExample-Info.plist"; sourceTree = "<group>"; };
		D6309A481950D96C00E0A87C /* en */ = {isa = PBXFileReference; lastKnownFileType = text.plist.strings; name = en; path = en.lproj/InfoPlist.strings; sourceTree = "<group>"; };
		D6309A4A1950D96C00E0A87C /* main.m */ = {isa = PBXFileReference; lastKnownFileType = sourcecode.c.objc; path = main.m; sourceTree = "<group>"; };
		D6309A4C1950D96C00E0A87C /* GitUseExample-Prefix.pch */ = {isa = PBXFileReference; lastKnownFileType = sourcecode.c.h; path = "GitUseExample-Prefix.pch"; sourceTree = "<group>"; };
		D6309A4D1950D96C00E0A87C /* ALDAppDelegate.h */ = {isa = PBXFileReference; lastKnownFileType = sourcecode.c.h; path = ALDAppDelegate.h; sourceTree = "<group>"; };
		D6309A4E1950D96C00E0A87C /* ALDAppDelegate.m */ = {isa = PBXFileReference; lastKnownFileType = sourcecode.c.objc; path = ALDAppDelegate.m; sourceTree = "<group>"; };
		D6309A511950D96C00E0A87C /* Base */ = {isa = PBXFileReference; lastKnownFileType = file.storyboard; name = Base; path = Base.lproj/Main.storyboard; sourceTree = "<group>"; };
		D6309A531950D96C00E0A87C /* ALDViewController.h */ = {isa = PBXFileReference; lastKnownFileType = sourcecode.c.h; path = ALDViewController.h; sourceTree = "<group>"; };
		D6309A541950D96C00E0A87C /* ALDViewController.m */ = {isa = PBXFileReference; lastKnownFileType = sourcecode.c.objc; path = ALDViewController.m; sourceTree = "<group>"; };
		D6309A561950D96C00E0A87C /* Images.xcassets */ = {isa = PBXFileReference; lastKnownFileType = folder.assetcatalog; path = Images.xcassets; sourceTree = "<group>"; };
		D6309A5C1950D96C00E0A87C /* GitUseExampleTests.xctest */ = {isa = PBXFileReference; explicitFileType = wrapper.cfbundle; includeInIndex = 0; path = GitUseExampleTests.xctest; sourceTree = BUILT_PRODUCTS_DIR; };
		D6309A5D1950D96C00E0A87C /* XCTest.framework */ = {isa = PBXFileReference; lastKnownFileType = wrapper.framework; name = XCTest.framework; path = Library/Frameworks/XCTest.framework; sourceTree = DEVELOPER_DIR; };
		D6309A651950D96C00E0A87C /* GitUseExampleTests-Info.plist */ = {isa = PBXFileReference; lastKnownFileType = text.plist.xml; path = "GitUseExampleTests-Info.plist"; sourceTree = "<group>"; };
		D6309A671950D96C00E0A87C /* en */ = {isa = PBXFileReference; lastKnownFileType = text.plist.strings; name = en; path = en.lproj/InfoPlist.strings; sourceTree = "<group>"; };
		D6309A691950D96C00E0A87C /* GitUseExampleTests.m */ = {isa = PBXFileReference; lastKnownFileType = sourcecode.c.objc; path = GitUseExampleTests.m; sourceTree = "<group>"; };
/* End PBXFileReference section */

/* Begin PBXFrameworksBuildPhase section */
		D6309A381950D96C00E0A87C /* Frameworks */ = {
			isa = PBXFrameworksBuildPhase;
			buildActionMask = 2147483647;
			files = (
				D6309A411950D96C00E0A87C /* CoreGraphics.framework in Frameworks */,
				D6309A431950D96C00E0A87C /* UIKit.framework in Frameworks */,
				D6309A3F1950D96C00E0A87C /* Foundation.framework in Frameworks */,
			);
			runOnlyForDeploymentPostprocessing = 0;
		};
		D6309A591950D96C00E0A87C /* Frameworks */ = {
			isa = PBXFrameworksBuildPhase;
			buildActionMask = 2147483647;
			files = (
				D6309A5E1950D96C00E0A87C /* XCTest.framework in Frameworks */,
				D6309A601950D96C00E0A87C /* UIKit.framework in Frameworks */,
				D6309A5F1950D96C00E0A87C /* Foundation.framework in Frameworks */,
			);
			runOnlyForDeploymentPostprocessing = 0;
		};
/* End PBXFrameworksBuildPhase section */

/* Begin PBXGroup section */
		D6309A321950D96C00E0A87C = {
			isa = PBXGroup;
			children = (
				D6309A441950D96C00E0A87C /* GitUseExample */,
				D6309A631950D96C00E0A87C /* GitUseExampleTests */,
				D6309A3D1950D96C00E0A87C /* Frameworks */,
				D6309A3C1950D96C00E0A87C /* Products */,
			);
			sourceTree = "<group>";
		};
		D6309A3C1950D96C00E0A87C /* Products */ = {
			isa = PBXGroup;
			children = (
				D6309A3B1950D96C00E0A87C /* GitUseExample.app */,
				D6309A5C1950D96C00E0A87C /* GitUseExampleTests.xctest */,
			);
			name = Products;
			sourceTree = "<group>";
		};
		D6309A3D1950D96C00E0A87C /* Frameworks */ = {
			isa = PBXGroup;
			children = (
				D6309A3E1950D96C00E0A87C /* Foundation.framework */,
				D6309A401950D96C00E0A87C /* CoreGraphics.framework */,
				D6309A421950D96C00E0A87C /* UIKit.framework */,
				D6309A5D1950D96C00E0A87C /* XCTest.framework */,
			);
			name = Frameworks;
			sourceTree = "<group>";
		};
		D6309A441950D96C00E0A87C /* GitUseExample */ = {
			isa = PBXGroup;
			children = (
				D6309A4D1950D96C00E0A87C /* ALDAppDelegate.h */,
				D6309A4E1950D96C00E0A87C /* ALDAppDelegate.m */,
				D6309A501950D96C00E0A87C /* Main.storyboard */,
				D6309A531950D96C00E0A87C /* ALDViewController.h */,
				D6309A541950D96C00E0A87C /* ALDViewController.m */,
				D6309A561950D96C00E0A87C /* Images.xcassets */,
				D6309A451950D96C00E0A87C /* Supporting Files */,
			);
			path = GitUseExample;
			sourceTree = "<group>";
		};
		D6309A451950D96C00E0A87C /* Supporting Files */ = {
			isa = PBXGroup;
			children = (
				D6309A461950D96C00E0A87C /* GitUseExample-Info.plist */,
				D6309A471950D96C00E0A87C /* InfoPlist.strings */,
				D6309A4A1950D96C00E0A87C /* main.m */,
				D6309A4C1950D96C00E0A87C /* GitUseExample-Prefix.pch */,
			);
			name = "Supporting Files";
			sourceTree = "<group>";
		};
		D6309A631950D96C00E0A87C /* GitUseExampleTests */ = {
			isa = PBXGroup;
			children = (
				D6309A691950D96C00E0A87C /* GitUseExampleTests.m */,
				D6309A641950D96C00E0A87C /* Supporting Files */,
			);
			path = GitUseExampleTests;
			sourceTree = "<group>";
		};
		D6309A641950D96C00E0A87C /* Supporting Files */ = {
			isa = PBXGroup;
			children = (
				D6309A651950D96C00E0A87C /* GitUseExampleTests-Info.plist */,
				D6309A661950D96C00E0A87C /* InfoPlist.strings */,
			);
			name = "Supporting Files";
			sourceTree = "<group>";
		};
/* End PBXGroup section */

/* Begin PBXNativeTarget section */
		D6309A3A1950D96C00E0A87C /* GitUseExample */ = {
			isa = PBXNativeTarget;
			buildConfigurationList = D6309A6D1950D96C00E0A87C /* Build configuration list for PBXNativeTarget "GitUseExample" */;
			buildPhases = (
				D6309A371950D96C00E0A87C /* Sources */,
				D6309A381950D96C00E0A87C /* Frameworks */,
				D6309A391950D96C00E0A87C /* Resources */,
			);
			buildRules = (
			);
			dependencies = (
			);
			name = GitUseExample;
			productName = GitUseExample;
			productReference = D6309A3B1950D96C00E0A87C /* GitUseExample.app */;
			productType = "com.apple.product-type.application";
		};
		D6309A5B1950D96C00E0A87C /* GitUseExampleTests */ = {
			isa = PBXNativeTarget;
			buildConfigurationList = D6309A701950D96C00E0A87C /* Build configuration list for PBXNativeTarget "GitUseExampleTests" */;
			buildPhases = (
				D6309A581950D96C00E0A87C /* Sources */,
				D6309A591950D96C00E0A87C /* Frameworks */,
				D6309A5A1950D96C00E0A87C /* Resources */,
			);
			buildRules = (
			);
			dependencies = (
				D6309A621950D96C00E0A87C /* PBXTargetDependency */,
			);
			name = GitUseExampleTests;
			productName = GitUseExampleTests;
			productReference = D6309A5C1950D96C00E0A87C /* GitUseExampleTests.xctest */;
			productType = "com.apple.product-type.bundle.unit-test";
		};
/* End PBXNativeTarget section */

/* Begin PBXProject section */
		D6309A331950D96C00E0A87C /* Project object */ = {
			isa = PBXProject;
			attributes = {
				CLASSPREFIX = ALD;
				LastUpgradeCheck = 0510;
				ORGANIZATIONNAME = "___FULLUSERNAME___";
				TargetAttributes = {
					D6309A5B1950D96C00E0A87C = {
						TestTargetID = D6309A3A1950D96C00E0A87C;
					};
				};
			};
			buildConfigurationList = D6309A361950D96C00E0A87C /* Build configuration list for PBXProject "GitUseExample" */;
			compatibilityVersion = "Xcode 3.2";
			developmentRegion = English;
			hasScannedForEncodings = 0;
			knownRegions = (
				en,
				Base,
			);
			mainGroup = D6309A321950D96C00E0A87C;
			productRefGroup = D6309A3C1950D96C00E0A87C /* Products */;
			projectDirPath = "";
			projectRoot = "";
			targets = (
				D6309A3A1950D96C00E0A87C /* GitUseExample */,
				D6309A5B1950D96C00E0A87C /* GitUseExampleTests */,
			);
		};
/* End PBXProject section */

/* Begin PBXResourcesBuildPhase section */
		D6309A391950D96C00E0A87C /* Resources */ = {
			isa = PBXResourcesBuildPhase;
			buildActionMask = 2147483647;
			files = (
				D6309A571950D96C00E0A87C /* Images.xcassets in Resources */,
				D6309A491950D96C00E0A87C /* InfoPlist.strings in Resources */,
				D6309A521950D96C00E0A87C /* Main.storyboard in Resources */,
			);
			runOnlyForDeploymentPostprocessing = 0;
		};
		D6309A5A1950D96C00E0A87C /* Resources */ = {
			isa = PBXResourcesBuildPhase;
			buildActionMask = 2147483647;
			files = (
				D6309A681950D96C00E0A87C /* InfoPlist.strings in Resources */,
			);
			runOnlyForDeploymentPostprocessing = 0;
		};
/* End PBXResourcesBuildPhase section */

/* Begin PBXSourcesBuildPhase section */
		D6309A371950D96C00E0A87C /* Sources */ = {
			isa = PBXSourcesBuildPhase;
			buildActionMask = 2147483647;
			files = (
				D6309A551950D96C00E0A87C /* ALDViewController.m in Sources */,
				D6309A4F1950D96C00E0A87C /* ALDAppDelegate.m in Sources */,
				D6309A4B1950D96C00E0A87C /* main.m in Sources */,
			);
			runOnlyForDeploymentPostprocessing = 0;
		};
		D6309A581950D96C00E0A87C /* Sources */ = {
			isa = PBXSourcesBuildPhase;
			buildActionMask = 2147483647;
			files = (
				D6309A6A1950D96C00E0A87C /* GitUseExampleTests.m in Sources */,
			);
			runOnlyForDeploymentPostprocessing = 0;
		};
/* End PBXSourcesBuildPhase section */

/* Begin PBXTargetDependency section */
		D6309A621950D96C00E0A87C /* PBXTargetDependency */ = {
			isa = PBXTargetDependency;
			target = D6309A3A1950D96C00E0A87C /* GitUseExample */;
			targetProxy = D6309A611950D96C00E0A87C /* PBXContainerItemProxy */;
		};
/* End PBXTargetDependency section */

/* Begin PBXVariantGroup section */
		D6309A471950D96C00E0A87C /* InfoPlist.strings */ = {
			isa = PBXVariantGroup;
			children = (
				D6309A481950D96C00E0A87C /* en */,
			);
			name = InfoPlist.strings;
			sourceTree = "<group>";
		};
		D6309A501950D96C00E0A87C /* Main.storyboard */ = {
			isa = PBXVariantGroup;
			children = (
				D6309A511950D96C00E0A87C /* Base */,
			);
			name = Main.storyboard;
			sourceTree = "<group>";
		};
		D6309A661950D96C00E0A87C /* InfoPlist.strings */ = {
			isa = PBXVariantGroup;
			children = (
				D6309A671950D96C00E0A87C /* en */,
			);
			name = InfoPlist.strings;
			sourceTree = "<group>";
		};
/* End PBXVariantGroup section */

/* Begin XCBuildConfiguration section */
		D6309A6B1950D96C00E0A87C /* Debug */ = {
			isa = XCBuildConfiguration;
			buildSettings = {
				ALWAYS_SEARCH_USER_PATHS = NO;
				CLANG_CXX_LANGUAGE_STANDARD = "gnu++0x";
				CLANG_CXX_LIBRARY = "libc++";
				CLANG_ENABLE_MODULES = YES;
				CLANG_ENABLE_OBJC_ARC = YES;
				CLANG_WARN_BOOL_CONVERSION = YES;
				CLANG_WARN_CONSTANT_CONVERSION = YES;
				CLANG_WARN_DIRECT_OBJC_ISA_USAGE = YES_ERROR;
				CLANG_WARN_EMPTY_BODY = YES;
				CLANG_WARN_ENUM_CONVERSION = YES;
				CLANG_WARN_INT_CONVERSION = YES;
				CLANG_WARN_OBJC_ROOT_CLASS = YES_ERROR;
				CLANG_WARN__DUPLICATE_METHOD_MATCH = YES;
				"CODE_SIGN_IDENTITY[sdk=iphoneos*]" = "iPhone Developer";
				COPY_PHASE_STRIP = NO;
				GCC_C_LANGUAGE_STANDARD = gnu99;
				GCC_DYNAMIC_NO_PIC = NO;
				GCC_OPTIMIZATION_LEVEL = 0;
				GCC_PREPROCESSOR_DEFINITIONS = (
					"DEBUG=1",
					"$(inherited)",
				);
				GCC_SYMBOLS_PRIVATE_EXTERN = NO;
				GCC_WARN_64_TO_32_BIT_CONVERSION = YES;
				GCC_WARN_ABOUT_RETURN_TYPE = YES_ERROR;
				GCC_WARN_UNDECLARED_SELECTOR = YES;
				GCC_WARN_UNINITIALIZED_AUTOS = YES_AGGRESSIVE;
				GCC_WARN_UNUSED_FUNCTION = YES;
				GCC_WARN_UNUSED_VARIABLE = YES;
				IPHONEOS_DEPLOYMENT_TARGET = 7.1;
				ONLY_ACTIVE_ARCH = YES;
				SDKROOT = iphoneos;
			};
			name = Debug;
		};
		D6309A6C1950D96C00E0A87C /* Release */ = {
			isa = XCBuildConfiguration;
			buildSettings = {
				ALWAYS_SEARCH_USER_PATHS = NO;
				CLANG_CXX_LANGUAGE_STANDARD = "gnu++0x";
				CLANG_CXX_LIBRARY = "libc++";
				CLANG_ENABLE_MODULES = YES;
				CLANG_ENABLE_OBJC_ARC = YES;
				CLANG_WARN_BOOL_CONVERSION = YES;
				CLANG_WARN_CONSTANT_CONVERSION = YES;
				CLANG_WARN_DIRECT_OBJC_ISA_USAGE = YES_ERROR;
				CLANG_WARN_EMPTY_BODY = YES;
				CLANG_WARN_ENUM_CONVERSION = YES;
				CLANG_WARN_INT_CONVERSION = YES;
				CLANG_WARN_OBJC_ROOT_CLASS = YES_ERROR;
				CLANG_WARN__DUPLICATE_METHOD_MATCH = YES;
				"CODE_SIGN_IDENTITY[sdk=iphoneos*]" = "iPhone Developer";
				COPY_PHASE_STRIP = YES;
				ENABLE_NS_ASSERTIONS = NO;
				GCC_C_LANGUAGE_STANDARD = gnu99;
				GCC_WARN_64_TO_32_BIT_CONVERSION = YES;
				GCC_WARN_ABOUT_RETURN_TYPE = YES_ERROR;
				GCC_WARN_UNDECLARED_SELECTOR = YES;
				GCC_WARN_UNINITIALIZED_AUTOS = YES_AGGRESSIVE;
				GCC_WARN_UNUSED_FUNCTION = YES;
				GCC_WARN_UNUSED_VARIABLE = YES;
				IPHONEOS_DEPLOYMENT_TARGET = 7.1;
				SDKROOT = iphoneos;
				VALIDATE_PRODUCT = YES;
			};
			name = Release;
		};
		D6309A6E1950D96C00E0A87C /* Debug */ = {
			isa = XCBuildConfiguration;
			buildSettings = {
				ASSETCATALOG_COMPILER_APPICON_NAME = AppIcon;
				ASSETCATALOG_COMPILER_LAUNCHIMAGE_NAME = LaunchImage;
				GCC_PRECOMPILE_PREFIX_HEADER = YES;
				GCC_PREFIX_HEADER = "GitUseExample/GitUseExample-Prefix.pch";
				INFOPLIST_FILE = "GitUseExample/GitUseExample-Info.plist";
				PRODUCT_NAME = "$(TARGET_NAME)";
				WRAPPER_EXTENSION = app;
			};
			name = Debug;
		};
		D6309A6F1950D96C00E0A87C /* Release */ = {
			isa = XCBuildConfiguration;
			buildSettings = {
				ASSETCATALOG_COMPILER_APPICON_NAME = AppIcon;
				ASSETCATALOG_COMPILER_LAUNCHIMAGE_NAME = LaunchImage;
				GCC_PRECOMPILE_PREFIX_HEADER = YES;
				GCC_PREFIX_HEADER = "GitUseExample/GitUseExample-Prefix.pch";
				INFOPLIST_FILE = "GitUseExample/GitUseExample-Info.plist";
				PRODUCT_NAME = "$(TARGET_NAME)";
				WRAPPER_EXTENSION = app;
			};
			name = Release;
		};
		D6309A711950D96C00E0A87C /* Debug */ = {
			isa = XCBuildConfiguration;
			buildSettings = {
				BUNDLE_LOADER = "$(BUILT_PRODUCTS_DIR)/GitUseExample.app/GitUseExample";
				FRAMEWORK_SEARCH_PATHS = (
					"$(SDKROOT)/Developer/Library/Frameworks",
					"$(inherited)",
					"$(DEVELOPER_FRAMEWORKS_DIR)",
				);
				GCC_PRECOMPILE_PREFIX_HEADER = YES;
				GCC_PREFIX_HEADER = "GitUseExample/GitUseExample-Prefix.pch";
				GCC_PREPROCESSOR_DEFINITIONS = (
					"DEBUG=1",
					"$(inherited)",
				);
				INFOPLIST_FILE = "GitUseExampleTests/GitUseExampleTests-Info.plist";
				PRODUCT_NAME = "$(TARGET_NAME)";
				TEST_HOST = "$(BUNDLE_LOADER)";
				WRAPPER_EXTENSION = xctest;
			};
			name = Debug;
		};
		D6309A721950D96C00E0A87C /* Release */ = {
			isa = XCBuildConfiguration;
			buildSettings = {
				BUNDLE_LOADER = "$(BUILT_PRODUCTS_DIR)/GitUseExample.app/GitUseExample";
				FRAMEWORK_SEARCH_PATHS = (
					"$(SDKROOT)/Developer/Library/Frameworks",
					"$(inherited)",
					"$(DEVELOPER_FRAMEWORKS_DIR)",
				);
				GCC_PRECOMPILE_PREFIX_HEADER = YES;
				GCC_PREFIX_HEADER = "GitUseExample/GitUseExample-Prefix.pch";
				INFOPLIST_FILE = "GitUseExampleTests/GitUseExampleTests-Info.plist";
				PRODUCT_NAME = "$(TARGET_NAME)";
				TEST_HOST = "$(BUNDLE_LOADER)";
				WRAPPER_EXTENSION = xctest;
			};
			name = Release;
		};
/* End XCBuildConfiguration section */

/* Begin XCConfigurationList section */
		D6309A361950D96C00E0A87C /* Build configuration list for PBXProject "GitUseExample" */ = {
			isa = XCConfigurationList;
			buildConfigurations = (
				D6309A6B1950D96C00E0A87C /* Debug */,
				D6309A6C1950D96C00E0A87C /* Release */,
			);
			defaultConfigurationIsVisible = 0;
			defaultConfigurationName = Release;
		};
		D6309A6D1950D96C00E0A87C /* Build configuration list for PBXNativeTarget "GitUseExample" */ = {
			isa = XCConfigurationList;
			buildConfigurations = (
				D6309A6E1950D96C00E0A87C /* Debug */,
				D6309A6F1950D96C00E0A87C /* Release */,
			);
			defaultConfigurationIsVisible = 0;
		};
		D6309A701950D96C00E0A87C /* Build configuration list for PBXNativeTarget "GitUseExampleTests" */ = {
			isa = XCConfigurationList;
			buildConfigurations = (
				D6309A711950D96C00E0A87C /* Debug */,
				D6309A721950D96C00E0A87C /* Release */,
			);
			defaultConfigurationIsVisible = 0;
		};
/* End XCConfigurationList section */
	};
	rootObject = D6309A331950D96C00E0A87C /* Project object */;
}
